
Microsoft Visual Studio Solution File, Format Version 12.00
# Visual Studio Version 17
VisualStudioVersion = 17.0.31903.59
MinimumVisualStudioVersion = 10.0.40219.1
Project("{FAE04EC0-301F-11D3-BF4B-00C04F79EFBC}") = "BlazorSample.Server", "Server\BlazorSample.Server.csproj", "{C9039B63-942A-4AFA-945C-6FA6E872DB7D}"
EndProject
Project("{FAE04EC0-301F-11D3-BF4B-00C04F79EFBC}") = "BlazorSample.Client", "Client\BlazorSample.Client.csproj", "{3D83A2C3-68BA-4A47-90DE-D5403F11CA6E}"
EndProject
Project("{FAE04EC0-301F-11D3-BF4B-00C04F79EFBC}") = "BlazorSample.Shared", "Shared\BlazorSample.Shared.csproj", "{595DFE8D-2F1D-4C58-8ACC-8A2DB332B0C5}"
EndProject
Global
	GlobalSection(SolutionConfigurationPlatforms) = preSolution
		Debug|Any CPU = Debug|Any CPU
		Release|Any CPU = Release|Any CPU
	EndGlobalSection
	GlobalSection(ProjectConfigurationPlatforms) = postSolution
		{C9039B63-942A-4AFA-945C-6FA6E872DB7D}.Debug|Any CPU.ActiveCfg = Debug|Any CPU
		{C9039B63-942A-4AFA-945C-6FA6E872DB7D}.Debug|Any CPU.Build.0 = Debug|Any CPU
		{C9039B63-942A-4AFA-945C-6FA6E872DB7D}.Release|Any CPU.ActiveCfg = Release|Any CPU
		{C9039B63-942A-4AFA-945C-6FA6E872DB7D}.Release|Any CPU.Build.0 = Release|Any CPU
		{3D83A2C3-68BA-4A47-90DE-D5403F11CA6E}.Debug|Any CPU.ActiveCfg = Debug|Any CPU
		{3D83A2C3-68BA-4A47-90DE-D5403F11CA6E}.Debug|Any CPU.Build.0 = Debug|Any CPU
		{3D83A2C3-68BA-4A47-90DE-D5403F11CA6E}.Release|Any CPU.ActiveCfg = Release|Any CPU
		{3D83A2C3-68BA-4A47-90DE-D5403F11CA6E}.Release|Any CPU.Build.0 = Release|Any CPU
		{595DFE8D-2F1D-4C58-8ACC-8A2DB332B0C5}.Debug|Any CPU.ActiveCfg = Debug|Any CPU
		{595DFE8D-2F1D-4C58-8ACC-8A2DB332B0C5}.Debug|Any CPU.Build.0 = Debug|Any CPU
		{595DFE8D-2F1D-4C58-8ACC-8A2DB332B0C5}.Release|Any CPU.ActiveCfg = Release|Any CPU
		{595DFE8D-2F1D-4C58-8ACC-8A2DB332B0C5}.Release|Any CPU.Build.0 = Release|Any CPU
	EndGlobalSection
	GlobalSection(SolutionProperties) = preSolution
		HideSolutionNode = FALSE
	EndGlobalSection
	GlobalSection(ExtensibilityGlobals) = postSolution
		SolutionGuid = {0903EFE4-5508-4F9D-A253-722C2164180D}
	EndGlobalSection
EndGlobal
